Microsoft Visual Studio Solution File, Format Version 12.00
# Visual Studio Version 17
VisualStudioVersion = 17.5.2.0
MinimumVisualStudioVersion = 10.0.40219.1
Project("{FAE04EC0-301F-11D3-BF4B-00C04F79EFBC}") = "AspNetWebApiRouting", "AspNetWebApiRouting.csproj", "{BE5F11D1-6EAB-BA44-C014-572608BF59FE}"
EndProject
Global
	GlobalSection(SolutionConfigurationPlatforms) = preSolution
		Debug|Any CPU = Debug|Any CPU
		Release|Any CPU = Release|Any CPU
	EndGlobalSection
	GlobalSection(ProjectConfigurationPlatforms) = postSolution
		{BE5F11D1-6EAB-BA44-C014-572608BF59FE}.Debug|Any CPU.ActiveCfg = Debug|Any CPU
		{BE5F11D1-6EAB-BA44-C014-572608BF59FE}.Debug|Any CPU.Build.0 = Debug|Any CPU
		{BE5F11D1-6EAB-BA44-C014-572608BF59FE}.Release|Any CPU.ActiveCfg = Release|Any CPU
		{BE5F11D1-6EAB-BA44-C014-572608BF59FE}.Release|Any CPU.Build.0 = Release|Any CPU
	EndGlobalSection
	GlobalSection(SolutionProperties) = preSolution
		HideSolutionNode = FALSE
	EndGlobalSection
	GlobalSection(ExtensibilityGlobals) = postSolution
		SolutionGuid = {00D3005A-1379-4A8F-B3F1-DFFAF4C9B021}
	EndGlobalSection
EndGlobal
