Microsoft Visual Studio Solution File, Format Version 12.00
# Visual Studio Version 17
VisualStudioVersion = 17.5.2.0
MinimumVisualStudioVersion = 10.0.40219.1
Project("{FAE04EC0-301F-11D3-BF4B-00C04F79EFBC}") = "AspNetWebDemo", "AspNetWebDemo.csproj", "{836750B7-9183-CF08-98EC-4C055EFFD953}"
EndProject
Project("{FAE04EC0-301F-11D3-BF4B-00C04F79EFBC}") = "AspNetWebDemoTests", "..\AspNetWebDemoTests\AspNetWebDemoTests.csproj", "{9CB04DCC-F089-4E1B-8493-8CE6BEC4EA05}"
EndProject
Global
	GlobalSection(SolutionConfigurationPlatforms) = preSolution
		Debug|Any CPU = Debug|Any CPU
		Release|Any CPU = Release|Any CPU
	EndGlobalSection
	GlobalSection(ProjectConfigurationPlatforms) = postSolution
		{836750B7-9183-CF08-98EC-4C055EFFD953}.Debug|Any CPU.ActiveCfg = Debug|Any CPU
		{836750B7-9183-CF08-98EC-4C055EFFD953}.Debug|Any CPU.Build.0 = Debug|Any CPU
		{836750B7-9183-CF08-98EC-4C055EFFD953}.Release|Any CPU.ActiveCfg = Release|Any CPU
		{836750B7-9183-CF08-98EC-4C055EFFD953}.Release|Any CPU.Build.0 = Release|Any CPU
		{9CB04DCC-F089-4E1B-8493-8CE6BEC4EA05}.Debug|Any CPU.ActiveCfg = Debug|Any CPU
		{9CB04DCC-F089-4E1B-8493-8CE6BEC4EA05}.Debug|Any CPU.Build.0 = Debug|Any CPU
		{9CB04DCC-F089-4E1B-8493-8CE6BEC4EA05}.Release|Any CPU.ActiveCfg = Release|Any CPU
		{9CB04DCC-F089-4E1B-8493-8CE6BEC4EA05}.Release|Any CPU.Build.0 = Release|Any CPU
	EndGlobalSection
	GlobalSection(SolutionProperties) = preSolution
		HideSolutionNode = FALSE
	EndGlobalSection
	GlobalSection(ExtensibilityGlobals) = postSolution
		SolutionGuid = {07CC7D4F-2793-40DD-AC19-EEACC65F9520}
	EndGlobalSection
EndGlobal
